
Microsoft Visual Studio Solution File, Format Version 12.00
# Visual Studio Version 16
VisualStudioVersion = 16.0.29709.97
MinimumVisualStudioVersion = 10.0.40219.1
Project("{FAE04EC0-301F-11D3-BF4B-00C04F79EFBC}") = "ISM6225_Assignment1", "ISM6225_Assignment1\ISM6225_Assignment1.csproj", "{082FED27-E037-4F37-96EB-764166DABFCF}"
EndProject
Global
	GlobalSection(SolutionConfigurationPlatforms) = preSolution
		Debug|Any CPU = Debug|Any CPU
		Release|Any CPU = Release|Any CPU
	EndGlobalSection
	GlobalSection(ProjectConfigurationPlatforms) = postSolution
		{082FED27-E037-4F37-96EB-764166DABFCF}.Debug|Any CPU.ActiveCfg = Debug|Any CPU
		{082FED27-E037-4F37-96EB-764166DABFCF}.Debug|Any CPU.Build.0 = Debug|Any CPU
		{082FED27-E037-4F37-96EB-764166DABFCF}.Release|Any CPU.ActiveCfg = Release|Any CPU
		{082FED27-E037-4F37-96EB-764166DABFCF}.Release|Any CPU.Build.0 = Release|Any CPU
	EndGlobalSection
	GlobalSection(SolutionProperties) = preSolution
		HideSolutionNode = FALSE
	EndGlobalSection
	GlobalSection(ExtensibilityGlobals) = postSolution
		SolutionGuid = {BDFD0EC0-6342-4051-ADE2-6750DE60DDF6}
	EndGlobalSection
EndGlobal
